
Microsoft Visual Studio Solution File, Format Version 12.00
# Visual Studio Version 16
VisualStudioVersion = 16.0.31410.357
MinimumVisualStudioVersion = 10.0.40219.1
Project("{FAE04EC0-301F-11D3-BF4B-00C04F79EFBC}") = "DifferentVersions", "DifferentVersions\DifferentVersions.csproj", "{D82D5D15-571C-4F40-98EA-15C665BD1BAC}"
EndProject
Global
	GlobalSection(SolutionConfigurationPlatforms) = preSolution
		Debug|Any CPU = Debug|Any CPU
		Release|Any CPU = Release|Any CPU
	EndGlobalSection
	GlobalSection(ProjectConfigurationPlatforms) = postSolution
		{D82D5D15-571C-4F40-98EA-15C665BD1BAC}.Debug|Any CPU.ActiveCfg = Debug|Any CPU
		{D82D5D15-571C-4F40-98EA-15C665BD1BAC}.Debug|Any CPU.Build.0 = Debug|Any CPU
		{D82D5D15-571C-4F40-98EA-15C665BD1BAC}.Release|Any CPU.ActiveCfg = Release|Any CPU
		{D82D5D15-571C-4F40-98EA-15C665BD1BAC}.Release|Any CPU.Build.0 = Release|Any CPU
	EndGlobalSection
	GlobalSection(SolutionProperties) = preSolution
		HideSolutionNode = FALSE
	EndGlobalSection
	GlobalSection(ExtensibilityGlobals) = postSolution
		SolutionGuid = {8F732699-6E8F-4B86-9EB0-30D7A6EF98D4}
	EndGlobalSection
EndGlobal
